// !$*UTF8*$!
{
	archiveVersion = 1;
	classes = {
	};
	objectVersion = 46;
	objects = {

/* Begin PBXBuildFile section */
		6D8AECE41EBC2F0000B94003 /* MacroMRCSingleInstance.m in Sources */ = {isa = PBXBuildFile; fileRef = 6D8AECE31EBC2F0000B94003 /* MacroMRCSingleInstance.m */; settings = {COMPILER_FLAGS = "-fno-objc-arc"; }; };
		6DF0ED431EBB21F7002D5373 /* main.m in Sources */ = {isa = PBXBuildFile; fileRef = 6DF0ED421EBB21F7002D5373 /* main.m */; };
		6DF0ED461EBB21F7002D5373 /* AppDelegate.m in Sources */ = {isa = PBXBuildFile; fileRef = 6DF0ED451EBB21F7002D5373 /* AppDelegate.m */; };
		6DF0ED491EBB21F7002D5373 /* ViewController.m in Sources */ = {isa = PBXBuildFile; fileRef = 6DF0ED481EBB21F7002D5373 /* ViewController.m */; };
		6DF0ED4C1EBB21F8002D5373 /* Main.storyboard in Resources */ = {isa = PBXBuildFile; fileRef = 6DF0ED4A1EBB21F8002D5373 /* Main.storyboard */; };
		6DF0ED4E1EBB21F8002D5373 /* Assets.xcassets in Resources */ = {isa = PBXBuildFile; fileRef = 6DF0ED4D1EBB21F8002D5373 /* Assets.xcassets */; };
		6DF0ED511EBB21F8002D5373 /* LaunchScreen.storyboard in Resources */ = {isa = PBXBuildFile; fileRef = 6DF0ED4F1EBB21F8002D5373 /* LaunchScreen.storyboard */; };
		6DF0ED5A1EBB22AE002D5373 /* MRCSingleInstance.m in Sources */ = {isa = PBXBuildFile; fileRef = 6DF0ED591EBB22AE002D5373 /* MRCSingleInstance.m */; settings = {COMPILER_FLAGS = "-fno-objc-arc"; }; };
		6DF0ED5D1EBB22BF002D5373 /* ARCSingleInstance.m in Sources */ = {isa = PBXBuildFile; fileRef = 6DF0ED5C1EBB22BF002D5373 /* ARCSingleInstance.m */; settings = {COMPILER_FLAGS = "-fobjc-arc"; }; };
		6DF0ED601EBB22E3002D5373 /* MacroARCSingleInstance.m in Sources */ = {isa = PBXBuildFile; fileRef = 6DF0ED5F1EBB22E3002D5373 /* MacroARCSingleInstance.m */; settings = {COMPILER_FLAGS = "-fobjc-arc"; }; };
		6DF0ED621EBB3517002D5373 /* README.md in Sources */ = {isa = PBXBuildFile; fileRef = 6DF0ED611EBB3517002D5373 /* README.md */; };
/* End PBXBuildFile section */

/* Begin PBXFileReference section */
		6D8AECE21EBC2F0000B94003 /* MacroMRCSingleInstance.h */ = {isa = PBXFileReference; fileEncoding = 4; lastKnownFileType = sourcecode.c.h; path = MacroMRCSingleInstance.h; sourceTree = "<group>"; };
		6D8AECE31EBC2F0000B94003 /* MacroMRCSingleInstance.m */ = {isa = PBXFileReference; fileEncoding = 4; lastKnownFileType = sourcecode.c.objc; path = MacroMRCSingleInstance.m; sourceTree = "<group>"; };
		6DF0ED3E1EBB21F7002D5373 /* SingleInstance.app */ = {isa = PBXFileReference; explicitFileType = wrapper.application; includeInIndex = 0; path = SingleInstance.app; sourceTree = BUILT_PRODUCTS_DIR; };
		6DF0ED421EBB21F7002D5373 /* main.m */ = {isa = PBXFileReference; lastKnownFileType = sourcecode.c.objc; path = main.m; sourceTree = "<group>"; };
		6DF0ED441EBB21F7002D5373 /* AppDelegate.h */ = {isa = PBXFileReference; lastKnownFileType = sourcecode.c.h; path = AppDelegate.h; sourceTree = "<group>"; };
		6DF0ED451EBB21F7002D5373 /* AppDelegate.m */ = {isa = PBXFileReference; lastKnownFileType = sourcecode.c.objc; path = AppDelegate.m; sourceTree = "<group>"; };
		6DF0ED471EBB21F7002D5373 /* ViewController.h */ = {isa = PBXFileReference; lastKnownFileType = sourcecode.c.h; path = ViewController.h; sourceTree = "<group>"; };
		6DF0ED481EBB21F7002D5373 /* ViewController.m */ = {isa = PBXFileReference; lastKnownFileType = sourcecode.c.objc; path = ViewController.m; sourceTree = "<group>"; };
		6DF0ED4B1EBB21F8002D5373 /* Base */ = {isa = PBXFileReference; lastKnownFileType = file.storyboard; name = Base; path = Base.lproj/Main.storyboard; sourceTree = "<group>"; };
		6DF0ED4D1EBB21F8002D5373 /* Assets.xcassets */ = {isa = PBXFileReference; lastKnownFileType = folder.assetcatalog; path = Assets.xcassets; sourceTree = "<group>"; };
		6DF0ED501EBB21F8002D5373 /* Base */ = {isa = PBXFileReference; lastKnownFileType = file.storyboard; name = Base; path = Base.lproj/LaunchScreen.storyboard; sourceTree = "<group>"; };
		6DF0ED521EBB21F8002D5373 /* Info.plist */ = {isa = PBXFileReference; lastKnownFileType = text.plist.xml; path = Info.plist; sourceTree = "<group>"; };
		6DF0ED581EBB22AE002D5373 /* MRCSingleInstance.h */ = {isa = PBXFileReference; fileEncoding = 4; lastKnownFileType = sourcecode.c.h; path = MRCSingleInstance.h; sourceTree = "<group>"; };
		6DF0ED591EBB22AE002D5373 /* MRCSingleInstance.m */ = {isa = PBXFileReference; fileEncoding = 4; lastKnownFileType = sourcecode.c.objc; path = MRCSingleInstance.m; sourceTree = "<group>"; };
		6DF0ED5B1EBB22BF002D5373 /* ARCSingleInstance.h */ = {isa = PBXFileReference; fileEncoding = 4; lastKnownFileType = sourcecode.c.h; path = ARCSingleInstance.h; sourceTree = "<group>"; };
		6DF0ED5C1EBB22BF002D5373 /* ARCSingleInstance.m */ = {isa = PBXFileReference; fileEncoding = 4; lastKnownFileType = sourcecode.c.objc; path = ARCSingleInstance.m; sourceTree = "<group>"; };
		6DF0ED5E1EBB22E3002D5373 /* MacroARCSingleInstance.h */ = {isa = PBXFileReference; fileEncoding = 4; lastKnownFileType = sourcecode.c.h; path = MacroARCSingleInstance.h; sourceTree = "<group>"; };
		6DF0ED5F1EBB22E3002D5373 /* MacroARCSingleInstance.m */ = {isa = PBXFileReference; fileEncoding = 4; lastKnownFileType = sourcecode.c.objc; path = MacroARCSingleInstance.m; sourceTree = "<group>"; };
		6DF0ED611EBB3517002D5373 /* README.md */ = {isa = PBXFileReference; fileEncoding = 4; lastKnownFileType = net.daringfireball.markdown; path = README.md; sourceTree = "<group>"; };
		6DF0ED631EBB3A06002D5373 /* Macro.h */ = {isa = PBXFileReference; lastKnownFileType = sourcecode.c.h; path = Macro.h; sourceTree = "<group>"; };
/* End PBXFileReference section */

/* Begin PBXFrameworksBuildPhase section */
		6DF0ED3B1EBB21F7002D5373 /* Frameworks */ = {
			isa = PBXFrameworksBuildPhase;
			buildActionMask = 2147483647;
			files = (
			);
			runOnlyForDeploymentPostprocessing = 0;
		};
/* End PBXFrameworksBuildPhase section */

/* Begin PBXGroup section */
		6DF0ED351EBB21F7002D5373 = {
			isa = PBXGroup;
			children = (
				6DF0ED611EBB3517002D5373 /* README.md */,
				6DF0ED401EBB21F7002D5373 /* SingleInstance */,
				6DF0ED3F1EBB21F7002D5373 /* Products */,
			);
			sourceTree = "<group>";
		};
		6DF0ED3F1EBB21F7002D5373 /* Products */ = {
			isa = PBXGroup;
			children = (
				6DF0ED3E1EBB21F7002D5373 /* SingleInstance.app */,
			);
			name = Products;
			sourceTree = "<group>";
		};
		6DF0ED401EBB21F7002D5373 /* SingleInstance */ = {
			isa = PBXGroup;
			children = (
				6DF0ED441EBB21F7002D5373 /* AppDelegate.h */,
				6DF0ED451EBB21F7002D5373 /* AppDelegate.m */,
				6DF0ED471EBB21F7002D5373 /* ViewController.h */,
				6DF0ED481EBB21F7002D5373 /* ViewController.m */,
				6DF0ED4A1EBB21F8002D5373 /* Main.storyboard */,
				6DF0ED4D1EBB21F8002D5373 /* Assets.xcassets */,
				6DF0ED4F1EBB21F8002D5373 /* LaunchScreen.storyboard */,
				6DF0ED521EBB21F8002D5373 /* Info.plist */,
				6DF0ED411EBB21F7002D5373 /* Supporting Files */,
				6DF0ED581EBB22AE002D5373 /* MRCSingleInstance.h */,
				6DF0ED591EBB22AE002D5373 /* MRCSingleInstance.m */,
				6DF0ED5B1EBB22BF002D5373 /* ARCSingleInstance.h */,
				6DF0ED5C1EBB22BF002D5373 /* ARCSingleInstance.m */,
				6DF0ED5E1EBB22E3002D5373 /* MacroARCSingleInstance.h */,
				6DF0ED5F1EBB22E3002D5373 /* MacroARCSingleInstance.m */,
				6D8AECE21EBC2F0000B94003 /* MacroMRCSingleInstance.h */,
				6D8AECE31EBC2F0000B94003 /* MacroMRCSingleInstance.m */,
				6DF0ED631EBB3A06002D5373 /* Macro.h */,
			);
			path = SingleInstance;
			sourceTree = "<group>";
		};
		6DF0ED411EBB21F7002D5373 /* Supporting Files */ = {
			isa = PBXGroup;
			children = (
				6DF0ED421EBB21F7002D5373 /* main.m */,
			);
			name = "Supporting Files";
			sourceTree = "<group>";
		};
/* End PBXGroup section */

/* Begin PBXNativeTarget section */
		6DF0ED3D1EBB21F7002D5373 /* SingleInstance */ = {
			isa = PBXNativeTarget;
			buildConfigurationList = 6DF0ED551EBB21F8002D5373 /* Build configuration list for PBXNativeTarget "SingleInstance" */;
			buildPhases = (
				6DF0ED3A1EBB21F7002D5373 /* Sources */,
				6DF0ED3B1EBB21F7002D5373 /* Frameworks */,
				6DF0ED3C1EBB21F7002D5373 /* Resources */,
			);
			buildRules = (
			);
			dependencies = (
			);
			name = SingleInstance;
			productName = SingleInstance;
			productReference = 6DF0ED3E1EBB21F7002D5373 /* SingleInstance.app */;
			productType = "com.apple.product-type.application";
		};
/* End PBXNativeTarget section */

/* Begin PBXProject section */
		6DF0ED361EBB21F7002D5373 /* Project object */ = {
			isa = PBXProject;
			attributes = {
				LastUpgradeCheck = 0830;
				ORGANIZATIONNAME = zhitao;
				TargetAttributes = {
					6DF0ED3D1EBB21F7002D5373 = {
						CreatedOnToolsVersion = 8.3.2;
						DevelopmentTeam = RUDNP34A78;
						ProvisioningStyle = Automatic;
					};
				};
			};
			buildConfigurationList = 6DF0ED391EBB21F7002D5373 /* Build configuration list for PBXProject "SingleInstance" */;
			compatibilityVersion = "Xcode 3.2";
			developmentRegion = English;
			hasScannedForEncodings = 0;
			knownRegions = (
				en,
				Base,
			);
			mainGroup = 6DF0ED351EBB21F7002D5373;
			productRefGroup = 6DF0ED3F1EBB21F7002D5373 /* Products */;
			projectDirPath = "";
			projectRoot = "";
			targets = (
				6DF0ED3D1EBB21F7002D5373 /* SingleInstance */,
			);
		};
/* End PBXProject section */

/* Begin PBXResourcesBuildPhase section */
		6DF0ED3C1EBB21F7002D5373 /* Resources */ = {
			isa = PBXResourcesBuildPhase;
			buildActionMask = 2147483647;
			files = (
				6DF0ED511EBB21F8002D5373 /* LaunchScreen.storyboard in Resources */,
				6DF0ED4E1EBB21F8002D5373 /* Assets.xcassets in Resources */,
				6DF0ED4C1EBB21F8002D5373 /* Main.storyboard in Resources */,
			);
			runOnlyForDeploymentPostprocessing = 0;
		};
/* End PBXResourcesBuildPhase section */

/* Begin PBXSourcesBuildPhase section */
		6DF0ED3A1EBB21F7002D5373 /* Sources */ = {
			isa = PBXSourcesBuildPhase;
			buildActionMask = 2147483647;
			files = (
				6DF0ED491EBB21F7002D5373 /* ViewController.m in Sources */,
				6DF0ED601EBB22E3002D5373 /* MacroARCSingleInstance.m in Sources */,
				6D8AECE41EBC2F0000B94003 /* MacroMRCSingleInstance.m in Sources */,
				6DF0ED461EBB21F7002D5373 /* AppDelegate.m in Sources */,
				6DF0ED621EBB3517002D5373 /* README.md in Sources */,
				6DF0ED431EBB21F7002D5373 /* main.m in Sources */,
				6DF0ED5A1EBB22AE002D5373 /* MRCSingleInstance.m in Sources */,
				6DF0ED5D1EBB22BF002D5373 /* ARCSingleInstance.m in Sources */,
			);
			runOnlyForDeploymentPostprocessing = 0;
		};
/* End PBXSourcesBuildPhase section */

/* Begin PBXVariantGroup section */
		6DF0ED4A1EBB21F8002D5373 /* Main.storyboard */ = {
			isa = PBXVariantGroup;
			children = (
				6DF0ED4B1EBB21F8002D5373 /* Base */,
			);
			name = Main.storyboard;
			sourceTree = "<group>";
		};
		6DF0ED4F1EBB21F8002D5373 /* LaunchScreen.storyboard */ = {
			isa = PBXVariantGroup;
			children = (
				6DF0ED501EBB21F8002D5373 /* Base */,
			);
			name = LaunchScreen.storyboard;
			sourceTree = "<group>";
		};
/* End PBXVariantGroup section */

/* Begin XCBuildConfiguration section */
		6DF0ED531EBB21F8002D5373 /* Debug */ = {
			isa = XCBuildConfiguration;
			buildSettings = {
				ALWAYS_SEARCH_USER_PATHS = NO;
				CLANG_ANALYZER_NONNULL = YES;
				CLANG_ANALYZER_NUMBER_OBJECT_CONVERSION = YES_AGGRESSIVE;
				CLANG_CXX_LANGUAGE_STANDARD = "gnu++0x";
				CLANG_CXX_LIBRARY = "libc++";
				CLANG_ENABLE_MODULES = YES;
				CLANG_ENABLE_OBJC_ARC = YES;
				CLANG_WARN_BOOL_CONVERSION = YES;
				CLANG_WARN_CONSTANT_CONVERSION = YES;
				CLANG_WARN_DIRECT_OBJC_ISA_USAGE = YES_ERROR;
				CLANG_WARN_DOCUMENTATION_COMMENTS = YES;
				CLANG_WARN_EMPTY_BODY = YES;
				CLANG_WARN_ENUM_CONVERSION = YES;
				CLANG_WARN_INFINITE_RECURSION = YES;
				CLANG_WARN_INT_CONVERSION = YES;
				CLANG_WARN_OBJC_ROOT_CLASS = YES_ERROR;
				CLANG_WARN_SUSPICIOUS_MOVE = YES;
				CLANG_WARN_UNREACHABLE_CODE = YES;
				CLANG_WARN__DUPLICATE_METHOD_MATCH = YES;
				"CODE_SIGN_IDENTITY[sdk=iphoneos*]" = "iPhone Developer";
				COPY_PHASE_STRIP = NO;
				DEBUG_INFORMATION_FORMAT = dwarf;
				ENABLE_STRICT_OBJC_MSGSEND = YES;
				ENABLE_TESTABILITY = YES;
				GCC_C_LANGUAGE_STANDARD = gnu99;
				GCC_DYNAMIC_NO_PIC = NO;
				GCC_NO_COMMON_BLOCKS = YES;
				GCC_OPTIMIZATION_LEVEL = 0;
				GCC_PREPROCESSOR_DEFINITIONS = (
					"DEBUG=1",
					"$(inherited)",
				);
				GCC_WARN_64_TO_32_BIT_CONVERSION = YES;
				GCC_WARN_ABOUT_RETURN_TYPE = YES_ERROR;
				GCC_WARN_UNDECLARED_SELECTOR = YES;
				GCC_WARN_UNINITIALIZED_AUTOS = YES_AGGRESSIVE;
				GCC_WARN_UNUSED_FUNCTION = YES;
				GCC_WARN_UNUSED_VARIABLE = YES;
				IPHONEOS_DEPLOYMENT_TARGET = 10.3;
				MTL_ENABLE_DEBUG_INFO = YES;
				ONLY_ACTIVE_ARCH = YES;
				SDKROOT = iphoneos;
			};
			name = Debug;
		};
		6DF0ED541EBB21F8002D5373 /* Release */ = {
			isa = XCBuildConfiguration;
			buildSettings = {
				ALWAYS_SEARCH_USER_PATHS = NO;
				CLANG_ANALYZER_NONNULL = YES;
				CLANG_ANALYZER_NUMBER_OBJECT_CONVERSION = YES_AGGRESSIVE;
				CLANG_CXX_LANGUAGE_STANDARD = "gnu++0x";
				CLANG_CXX_LIBRARY = "libc++";
				CLANG_ENABLE_MODULES = YES;
				CLANG_ENABLE_OBJC_ARC = YES;
				CLANG_WARN_BOOL_CONVERSION = YES;
				CLANG_WARN_CONSTANT_CONVERSION = YES;
				CLANG_WARN_DIRECT_OBJC_ISA_USAGE = YES_ERROR;
				CLANG_WARN_DOCUMENTATION_COMMENTS = YES;
				CLANG_WARN_EMPTY_BODY = YES;
				CLANG_WARN_ENUM_CONVERSION = YES;
				CLANG_WARN_INFINITE_RECURSION = YES;
				CLANG_WARN_INT_CONVERSION = YES;
				CLANG_WARN_OBJC_ROOT_CLASS = YES_ERROR;
				CLANG_WARN_SUSPICIOUS_MOVE = YES;
				CLANG_WARN_UNREACHABLE_CODE = YES;
				CLANG_WARN__DUPLICATE_METHOD_MATCH = YES;
				"CODE_SIGN_IDENTITY[sdk=iphoneos*]" = "iPhone Developer";
				COPY_PHASE_STRIP = NO;
				DEBUG_INFORMATION_FORMAT = "dwarf-with-dsym";
				ENABLE_NS_ASSERTIONS = NO;
				ENABLE_STRICT_OBJC_MSGSEND = YES;
				GCC_C_LANGUAGE_STANDARD = gnu99;
				GCC_NO_COMMON_BLOCKS = YES;
				GCC_WARN_64_TO_32_BIT_CONVERSION = YES;
				GCC_WARN_ABOUT_RETURN_TYPE = YES_ERROR;
				GCC_WARN_UNDECLARED_SELECTOR = YES;
				GCC_WARN_UNINITIALIZED_AUTOS = YES_AGGRESSIVE;
				GCC_WARN_UNUSED_FUNCTION = YES;
				GCC_WARN_UNUSED_VARIABLE = YES;
				IPHONEOS_DEPLOYMENT_TARGET = 10.3;
				MTL_ENABLE_DEBUG_INFO = NO;
				SDKROOT = iphoneos;
				VALIDATE_PRODUCT = YES;
			};
			name = Release;
		};
		6DF0ED561EBB21F8002D5373 /* Debug */ = {
			isa = XCBuildConfiguration;
			buildSettings = {
				ASSETCATALOG_COMPILER_APPICON_NAME = AppIcon;
				CLANG_ENABLE_OBJC_ARC = YES;
				DEVELOPMENT_TEAM = RUDNP34A78;
				INFOPLIST_FILE = SingleInstance/Info.plist;
				IPHONEOS_DEPLOYMENT_TARGET = 8.0;
				LD_RUNPATH_SEARCH_PATHS = "$(inherited) @executable_path/Frameworks";
				PRODUCT_BUNDLE_IDENTIFIER = io.github.zhitaocai.ios.SingleInstance;
				PRODUCT_NAME = "$(TARGET_NAME)";
			};
			name = Debug;
		};
		6DF0ED571EBB21F8002D5373 /* Release */ = {
			isa = XCBuildConfiguration;
			buildSettings = {
				ASSETCATALOG_COMPILER_APPICON_NAME = AppIcon;
				CLANG_ENABLE_OBJC_ARC = YES;
				DEVELOPMENT_TEAM = RUDNP34A78;
				INFOPLIST_FILE = SingleInstance/Info.plist;
				IPHONEOS_DEPLOYMENT_TARGET = 8.0;
				LD_RUNPATH_SEARCH_PATHS = "$(inherited) @executable_path/Frameworks";
				PRODUCT_BUNDLE_IDENTIFIER = io.github.zhitaocai.ios.SingleInstance;
				PRODUCT_NAME = "$(TARGET_NAME)";
			};
			name = Release;
		};
/* End XCBuildConfiguration section */

/* Begin XCConfigurationList section */
		6DF0ED391EBB21F7002D5373 /* Build configuration list for PBXProject "SingleInstance" */ = {
			isa = XCConfigurationList;
			buildConfigurations = (
				6DF0ED531EBB21F8002D5373 /* Debug */,
				6DF0ED541EBB21F8002D5373 /* Release */,
			);
			defaultConfigurationIsVisible = 0;
			defaultConfigurationName = Release;
		};
		6DF0ED551EBB21F8002D5373 /* Build configuration list for PBXNativeTarget "SingleInstance" */ = {
			isa = XCConfigurationList;
			buildConfigurations = (
				6DF0ED561EBB21F8002D5373 /* Debug */,
				6DF0ED571EBB21F8002D5373 /* Release */,
			);
			defaultConfigurationIsVisible = 0;
			defaultConfigurationName = Release;
		};
/* End XCConfigurationList section */
	};
	rootObject = 6DF0ED361EBB21F7002D5373 /* Project object */;
}
